// !$*UTF8*$!
{
	archiveVersion = 1;
	classes = {
	};
	objectVersion = 46;
	objects = {

/* Begin PBXBuildFile section */
		22159CF4184F75290061A8DE /* cloudy.png in Resources */ = {isa = PBXBuildFile; fileRef = 22159CF2184F75290061A8DE /* cloudy.png */; };
		22159CF5184F75290061A8DE /* cloudy@2x.png in Resources */ = {isa = PBXBuildFile; fileRef = 22159CF3184F75290061A8DE /* cloudy@2x.png */; };
		22159CF8184F75700061A8DE /* WeatherWidgetViewController.m in Sources */ = {isa = PBXBuildFile; fileRef = 22159CF7184F75700061A8DE /* WeatherWidgetViewController.m */; };
		22159CFB184F7C5B0061A8DE /* WeatherViewController.m in Sources */ = {isa = PBXBuildFile; fileRef = 22159CFA184F7C5B0061A8DE /* WeatherViewController.m */; };
		22159CFE184F85390061A8DE /* hotel-next.png in Resources */ = {isa = PBXBuildFile; fileRef = 22159CFC184F85390061A8DE /* hotel-next.png */; };
		22159CFF184F85390061A8DE /* hotel-next@2x.png in Resources */ = {isa = PBXBuildFile; fileRef = 22159CFD184F85390061A8DE /* hotel-next@2x.png */; };
		2244B6CF17807BD70029F7FA /* UIViewCurlUpOrDownViewController.m in Sources */ = {isa = PBXBuildFile; fileRef = 2244B6CE17807BD70029F7FA /* UIViewCurlUpOrDownViewController.m */; };
		226C65071726CE2000050864 /* Item2ViewController.m in Sources */ = {isa = PBXBuildFile; fileRef = 226C65061726CE2000050864 /* Item2ViewController.m */; };
		22736AAE1778859D00BADFE7 /* CrosswiseViewController.m in Sources */ = {isa = PBXBuildFile; fileRef = 22736AAD1778859D00BADFE7 /* CrosswiseViewController.m */; };
		22736AB217788F9000BADFE7 /* BFlyCircle.png in Resources */ = {isa = PBXBuildFile; fileRef = 22736AAF17788F9000BADFE7 /* BFlyCircle.png */; };
		22736AB317788F9000BADFE7 /* cover 480x300-take2.png in Resources */ = {isa = PBXBuildFile; fileRef = 22736AB017788F9000BADFE7 /* cover 480x300-take2.png */; };
		22736AB417788F9000BADFE7 /* cover320x416.png in Resources */ = {isa = PBXBuildFile; fileRef = 22736AB117788F9000BADFE7 /* cover320x416.png */; };
		2295571B16F222CC00C0DBD2 /* WFWebViewDemo.m in Sources */ = {isa = PBXBuildFile; fileRef = 2295571A16F222CC00C0DBD2 /* WFWebViewDemo.m */; };
		22A80A3718B2623400BCEC6A /* AccountForm.m in Sources */ = {isa = PBXBuildFile; fileRef = 22A80A3618B2623400BCEC6A /* AccountForm.m */; };
		22A8785C175E429600E82C69 /* MacAddress.m in Sources */ = {isa = PBXBuildFile; fileRef = 22A8785B175E429600E82C69 /* MacAddress.m */; };
		22A87860175E437800E82C69 /* IndexViewController.m in Sources */ = {isa = PBXBuildFile; fileRef = 22A8785F175E437800E82C69 /* IndexViewController.m */; };
		22B39A81182BECFE0027B360 /* FloatTable.m in Sources */ = {isa = PBXBuildFile; fileRef = 22B39A80182BECFE0027B360 /* FloatTable.m */; };
		22BC618C175653520079C4AE /* AboutGeometryViewController.m in Sources */ = {isa = PBXBuildFile; fileRef = 22BC618B175653520079C4AE /* AboutGeometryViewController.m */; };
		22BC837A1770B0A900E71986 /* UIView-ViewFrameGeometry.m in Sources */ = {isa = PBXBuildFile; fileRef = 22BC83791770B0A900E71986 /* UIView-ViewFrameGeometry.m */; };
		22BC837D1770B26700E71986 /* UIViewCenterViewController.m in Sources */ = {isa = PBXBuildFile; fileRef = 22BC837C1770B26700E71986 /* UIViewCenterViewController.m */; };
		22C19C18178DA1D000DE31C1 /* MobileCoreServices.framework in Frameworks */ = {isa = PBXBuildFile; fileRef = 22C19C17178DA1D000DE31C1 /* MobileCoreServices.framework */; };
		22C64EC11745353900C4D18E /* QuartzCore.framework in Frameworks */ = {isa = PBXBuildFile; fileRef = 22C64EC01745353900C4D18E /* QuartzCore.framework */; };
		22FB9090171050A5007A3933 /* Item1ViewController.m in Sources */ = {isa = PBXBuildFile; fileRef = 22FB908F171050A5007A3933 /* Item1ViewController.m */; };
		22FB9095171076D9007A3933 /* IMG_1142.JPG in Resources */ = {isa = PBXBuildFile; fileRef = 22FB9094171076D9007A3933 /* IMG_1142.JPG */; };
		22FB90981710774C007A3933 /* WFScrollViewDemo.m in Sources */ = {isa = PBXBuildFile; fileRef = 22FB90971710774C007A3933 /* WFScrollViewDemo.m */; };
		22FECF58164FFCA600720705 /* UIKit.framework in Frameworks */ = {isa = PBXBuildFile; fileRef = 22FECF57164FFCA600720705 /* UIKit.framework */; };
		22FECF5A164FFCA600720705 /* Foundation.framework in Frameworks */ = {isa = PBXBuildFile; fileRef = 22FECF59164FFCA600720705 /* Foundation.framework */; };
		22FECF5C164FFCA600720705 /* CoreGraphics.framework in Frameworks */ = {isa = PBXBuildFile; fileRef = 22FECF5B164FFCA600720705 /* CoreGraphics.framework */; };
		22FECF62164FFCA600720705 /* InfoPlist.strings in Resources */ = {isa = PBXBuildFile; fileRef = 22FECF60164FFCA600720705 /* InfoPlist.strings */; };
		22FECF64164FFCA600720705 /* main.m in Sources */ = {isa = PBXBuildFile; fileRef = 22FECF63164FFCA600720705 /* main.m */; };
		22FECF68164FFCA600720705 /* WFAppDelegate.m in Sources */ = {isa = PBXBuildFile; fileRef = 22FECF67164FFCA600720705 /* WFAppDelegate.m */; };
		22FECF6A164FFCA600720705 /* Default.png in Resources */ = {isa = PBXBuildFile; fileRef = 22FECF69164FFCA600720705 /* Default.png */; };
		22FECF6C164FFCA600720705 /* Default@2x.png in Resources */ = {isa = PBXBuildFile; fileRef = 22FECF6B164FFCA600720705 /* Default@2x.png */; };
		22FECF6E164FFCA600720705 /* Default-568h@2x.png in Resources */ = {isa = PBXBuildFile; fileRef = 22FECF6D164FFCA600720705 /* Default-568h@2x.png */; };
		22FECF71164FFCA600720705 /* MainStoryboard.storyboard in Resources */ = {isa = PBXBuildFile; fileRef = 22FECF6F164FFCA600720705 /* MainStoryboard.storyboard */; };
		22FECF74164FFCA600720705 /* WFViewController.m in Sources */ = {isa = PBXBuildFile; fileRef = 22FECF73164FFCA600720705 /* WFViewController.m */; };
		22FECF82164FFE3800720705 /* WFLoginViewViewController.m in Sources */ = {isa = PBXBuildFile; fileRef = 22FECF81164FFE3800720705 /* WFLoginViewViewController.m */; };
		22FECF85164FFE6200720705 /* WFCityListViewController.m in Sources */ = {isa = PBXBuildFile; fileRef = 22FECF84164FFE6200720705 /* WFCityListViewController.m */; };
		22FFBE84171477F900A3D396 /* FileManager.m in Sources */ = {isa = PBXBuildFile; fileRef = 22FFBE83171477F900A3D396 /* FileManager.m */; };
		35015175172BAFD100D72B8C /* NSCalendar+NSCalendar_Category.m in Sources */ = {isa = PBXBuildFile; fileRef = 35015174172BAFD100D72B8C /* NSCalendar+NSCalendar_Category.m */; };
		3501D11F1737A6B1002F74D6 /* AccelerometerFilter.m in Sources */ = {isa = PBXBuildFile; fileRef = 3501D11E1737A6B1002F74D6 /* AccelerometerFilter.m */; };
		3501D1221737A737002F74D6 /* AccelerometerViewController.m in Sources */ = {isa = PBXBuildFile; fileRef = 3501D1211737A737002F74D6 /* AccelerometerViewController.m */; };
		35166F6E1831C8A400F82BAA /* FloatViewObj.m in Sources */ = {isa = PBXBuildFile; fileRef = 35166F6D1831C8A400F82BAA /* FloatViewObj.m */; };
		35166F7B18334C2000F82BAA /* WFScrollDemo2ViewController.m in Sources */ = {isa = PBXBuildFile; fileRef = 35166F7A18334C2000F82BAA /* WFScrollDemo2ViewController.m */; };
		3526E11417CAF6950065E360 /* teagarden.png in Resources */ = {isa = PBXBuildFile; fileRef = 3526E11217CAF6950065E360 /* teagarden.png */; };
		3526E11517CAF6950065E360 /* teagarden@2x.png in Resources */ = {isa = PBXBuildFile; fileRef = 3526E11317CAF6950065E360 /* teagarden@2x.png */; };
		3526E11A17CAFA2E0065E360 /* HotelAnnotation.m in Sources */ = {isa = PBXBuildFile; fileRef = 3526E11917CAFA2E0065E360 /* HotelAnnotation.m */; };
		3526E11D17CB1F930065E360 /* CoreLocation.framework in Frameworks */ = {isa = PBXBuildFile; fileRef = 3526E11B17CB1F7D0065E360 /* CoreLocation.framework */; };
		3526E12017CB25C80065E360 /* HotelAnnotationView.m in Sources */ = {isa = PBXBuildFile; fileRef = 3526E11F17CB25C80065E360 /* HotelAnnotationView.m */; };
		3526E12317CB4C9C0065E360 /* map_bubble.png in Resources */ = {isa = PBXBuildFile; fileRef = 3526E12117CB4C9C0065E360 /* map_bubble.png */; };
		3526E12417CB4C9C0065E360 /* map_bubble@2x.png in Resources */ = {isa = PBXBuildFile; fileRef = 3526E12217CB4C9C0065E360 /* map_bubble@2x.png */; };
		3527181517978F8F005FA9CA /* UserDefaultHelper.m in Sources */ = {isa = PBXBuildFile; fileRef = 3527181417978F8F005FA9CA /* UserDefaultHelper.m */; };
		3540AEF6182B7D1C006B12FD /* UINavigationBar+Categories.m in Sources */ = {isa = PBXBuildFile; fileRef = 3540AEF5182B7D1C006B12FD /* UINavigationBar+Categories.m */; };
		3540AEF9182B8E0E006B12FD /* FloatDemoViewController.m in Sources */ = {isa = PBXBuildFile; fileRef = 3540AEF8182B8E0E006B12FD /* FloatDemoViewController.m */; };
		3540AF00182C74D4006B12FD /* hotel-topbar-back.png in Resources */ = {isa = PBXBuildFile; fileRef = 3540AEFE182C74D4006B12FD /* hotel-topbar-back.png */; };
		3540AF01182C74D4006B12FD /* hotel-topbar-back@2x.png in Resources */ = {isa = PBXBuildFile; fileRef = 3540AEFF182C74D4006B12FD /* hotel-topbar-back@2x.png */; };
		3540AF04182C74EC006B12FD /* hotel-topbar-phone.png in Resources */ = {isa = PBXBuildFile; fileRef = 3540AF02182C74EC006B12FD /* hotel-topbar-phone.png */; };
		3540AF05182C74EC006B12FD /* hotel-topbar-phone@2x.png in Resources */ = {isa = PBXBuildFile; fileRef = 3540AF03182C74EC006B12FD /* hotel-topbar-phone@2x.png */; };
		3540AF08182C79CB006B12FD /* FloatViewControl.m in Sources */ = {isa = PBXBuildFile; fileRef = 3540AF07182C79CB006B12FD /* FloatViewControl.m */; };
		3548907A1739FC7300E1EF4B /* ShakeViewController.m in Sources */ = {isa = PBXBuildFile; fileRef = 354890791739FC7300E1EF4B /* ShakeViewController.m */; };
		35603FD7178C0100000D0BB5 /* CustomeSugue.m in Sources */ = {isa = PBXBuildFile; fileRef = 35603FD6178C0100000D0BB5 /* CustomeSugue.m */; };
		357030AF1890FE7A00110D3D /* WFTableViewDemo1.m in Sources */ = {isa = PBXBuildFile; fileRef = 357030AE1890FE7A00110D3D /* WFTableViewDemo1.m */; };
		3570AB141811281A00C851D2 /* libMobClickLibrary.a in Frameworks */ = {isa = PBXBuildFile; fileRef = 3570AB131811281A00C851D2 /* libMobClickLibrary.a */; };
		3570AB311811325400C851D2 /* libiconv.dylib in Frameworks */ = {isa = PBXBuildFile; fileRef = 3570AB301811325400C851D2 /* libiconv.dylib */; };
		3570AB5C18113B4A00C851D2 /* UMSocialLocalizable.strings in Resources */ = {isa = PBXBuildFile; fileRef = 3570AB3B18113B4A00C851D2 /* UMSocialLocalizable.strings */; };
		3570AB5D18113B4A00C851D2 /* TencentOpenAPI.framework in Frameworks */ = {isa = PBXBuildFile; fileRef = 3570AB3F18113B4A00C851D2 /* TencentOpenAPI.framework */; };
		3570AB5E18113B4A00C851D2 /* libWeChatSDK.a in Frameworks */ = {isa = PBXBuildFile; fileRef = 3570AB4118113B4A00C851D2 /* libWeChatSDK.a */; };
		3570AB5F18113B4A00C851D2 /* libUMSocial_Sdk_3.1.a in Frameworks */ = {isa = PBXBuildFile; fileRef = 3570AB4F18113B4A00C851D2 /* libUMSocial_Sdk_3.1.a */; };
		3570AB6018113B4A00C851D2 /* libUMSocial_Sdk_Comment_3.1.a in Frameworks */ = {isa = PBXBuildFile; fileRef = 3570AB5018113B4A00C851D2 /* libUMSocial_Sdk_Comment_3.1.a */; };
		3570AB6118113B4A00C851D2 /* UMSCommentDetailController.xib in Resources */ = {isa = PBXBuildFile; fileRef = 3570AB5218113B4A00C851D2 /* UMSCommentDetailController.xib */; };
		3570AB6218113B4A00C851D2 /* UMSCommentInputController.xib in Resources */ = {isa = PBXBuildFile; fileRef = 3570AB5318113B4A00C851D2 /* UMSCommentInputController.xib */; };
		3570AB6318113B4A00C851D2 /* UMSCommentInputControlleriPad.xib in Resources */ = {isa = PBXBuildFile; fileRef = 3570AB5418113B4A00C851D2 /* UMSCommentInputControlleriPad.xib */; };
		3570AB6418113B4A00C851D2 /* UMShareEditViewController.xib in Resources */ = {isa = PBXBuildFile; fileRef = 3570AB5518113B4A00C851D2 /* UMShareEditViewController.xib */; };
		3570AB6518113B4A00C851D2 /* UMShareEditViewControlleriPad.xib in Resources */ = {isa = PBXBuildFile; fileRef = 3570AB5618113B4A00C851D2 /* UMShareEditViewControlleriPad.xib */; };
		3570AB6618113B4A00C851D2 /* UMSLoginViewController.xib in Resources */ = {isa = PBXBuildFile; fileRef = 3570AB5718113B4A00C851D2 /* UMSLoginViewController.xib */; };
		3570AB6718113B4A00C851D2 /* UMSnsAccountViewController.xib in Resources */ = {isa = PBXBuildFile; fileRef = 3570AB5818113B4A00C851D2 /* UMSnsAccountViewController.xib */; };
		3570AB6818113B4A00C851D2 /* UMSShareListController.xib in Resources */ = {isa = PBXBuildFile; fileRef = 3570AB5918113B4A00C851D2 /* UMSShareListController.xib */; };
		3570AB6918113B4A00C851D2 /* UMSocialSDKResourcesNew.bundle in Resources */ = {isa = PBXBuildFile; fileRef = 3570AB5A18113B4A00C851D2 /* UMSocialSDKResourcesNew.bundle */; };
		3570AB6B18113BCA00C851D2 /* SystemConfiguration.framework in Frameworks */ = {isa = PBXBuildFile; fileRef = 3570AB6A18113BCA00C851D2 /* SystemConfiguration.framework */; };
		3570AB6D18113C1400C851D2 /* libsqlite3.dylib in Frameworks */ = {isa = PBXBuildFile; fileRef = 3570AB6C18113C1400C851D2 /* libsqlite3.dylib */; };
		3570AB6F18113C2000C851D2 /* CoreTelephony.framework in Frameworks */ = {isa = PBXBuildFile; fileRef = 3570AB6E18113C2000C851D2 /* CoreTelephony.framework */; };
		3570AB7118113C2F00C851D2 /* libstdc++.dylib in Frameworks */ = {isa = PBXBuildFile; fileRef = 3570AB7018113C2F00C851D2 /* libstdc++.dylib */; };
		3570AB7318113C3E00C851D2 /* libz.dylib in Frameworks */ = {isa = PBXBuildFile; fileRef = 3570AB7218113C3E00C851D2 /* libz.dylib */; };
		3579CB791820B7B1008163A5 /* JJNavigationBar.m in Sources */ = {isa = PBXBuildFile; fileRef = 3579CB781820B7B1008163A5 /* JJNavigationBar.m */; };
		35B142DB18AB55B7006A27AA /* WFLoginForm.m in Sources */ = {isa = PBXBuildFile; fileRef = 35B142DA18AB55B7006A27AA /* WFLoginForm.m */; };
		35BD56FE173A3B1F00606275 /* glass.wav in Resources */ = {isa = PBXBuildFile; fileRef = 35BD56FD173A3B1F00606275 /* glass.wav */; };
		35CDBFD61828CC16001B1A6E /* WFJJNavigationViewController.m in Sources */ = {isa = PBXBuildFile; fileRef = 35CDBFD51828CC16001B1A6E /* WFJJNavigationViewController.m */; };
		35CDBFD91828CCC5001B1A6E /* WFJJViewController.m in Sources */ = {isa = PBXBuildFile; fileRef = 35CDBFD81828CCC5001B1A6E /* WFJJViewController.m */; };
		35CDBFDC1828CDC6001B1A6E /* DeviceInfo.m in Sources */ = {isa = PBXBuildFile; fileRef = 35CDBFDB1828CDC6001B1A6E /* DeviceInfo.m */; };
		35E4F2E21890F1B400675916 /* WFBarItemViewController.h in Sources */ = {isa = PBXBuildFile; fileRef = 35E4F2E01890F1B400675916 /* WFBarItemViewController.h */; };
		35E4F2E31890F1B400675916 /* WFBarItemViewController.m in Sources */ = {isa = PBXBuildFile; fileRef = 35E4F2E11890F1B400675916 /* WFBarItemViewController.m */; };
		35F1BAFA17326F2500FBE740 /* Item3ViewController.m in Sources */ = {isa = PBXBuildFile; fileRef = 35F1BAF917326F2500FBE740 /* Item3ViewController.m */; };
		35F4A8CB17407634004C48F6 /* AudioToolbox.framework in Frameworks */ = {isa = PBXBuildFile; fileRef = 35BD56FF173A3B8000606275 /* AudioToolbox.framework */; };
		35F92C5617C74FA800D505CD /* MapKitViewController.m in Sources */ = {isa = PBXBuildFile; fileRef = 35F92C5517C74FA800D505CD /* MapKitViewController.m */; };
		35F92C5917C74FF000D505CD /* MapKit.framework in Frameworks */ = {isa = PBXBuildFile; fileRef = 35F92C5717C74FD200D505CD /* MapKit.framework */; };
		4B114DB33FC47EDC9071BD85 /* WFFooterView.m in Sources */ = {isa = PBXBuildFile; fileRef = 4B1142FAAA3450A8E66B514E /* WFFooterView.m */; };
/* End PBXBuildFile section */

/* Begin PBXFileReference section */
		22159CF2184F75290061A8DE /* cloudy.png */ = {isa = PBXFileReference; lastKnownFileType = image.png; path = cloudy.png; sourceTree = "<group>"; };
		22159CF3184F75290061A8DE /* cloudy@2x.png */ = {isa = PBXFileReference; lastKnownFileType = image.png; path = "cloudy@2x.png"; sourceTree = "<group>"; };
		22159CF6184F75700061A8DE /* WeatherWidgetViewController.h */ = {isa = PBXFileReference; fileEncoding = 4; lastKnownFileType = sourcecode.c.h; path = WeatherWidgetViewController.h; sourceTree = "<group>"; };
		22159CF7184F75700061A8DE /* WeatherWidgetViewController.m */ = {isa = PBXFileReference; fileEncoding = 4; lastKnownFileType = sourcecode.c.objc; path = WeatherWidgetViewController.m; sourceTree = "<group>"; };
		22159CF9184F7C5B0061A8DE /* WeatherViewController.h */ = {isa = PBXFileReference; fileEncoding = 4; lastKnownFileType = sourcecode.c.h; path = WeatherViewController.h; sourceTree = "<group>"; };
		22159CFA184F7C5B0061A8DE /* WeatherViewController.m */ = {isa = PBXFileReference; fileEncoding = 4; lastKnownFileType = sourcecode.c.objc; path = WeatherViewController.m; sourceTree = "<group>"; };
		22159CFC184F85390061A8DE /* hotel-next.png */ = {isa = PBXFileReference; lastKnownFileType = image.png; path = "hotel-next.png"; sourceTree = "<group>"; };
		22159CFD184F85390061A8DE /* hotel-next@2x.png */ = {isa = PBXFileReference; lastKnownFileType = image.png; path = "hotel-next@2x.png"; sourceTree = "<group>"; };
		2244B6CD17807BD70029F7FA /* UIViewCurlUpOrDownViewController.h */ = {isa = PBXFileReference; fileEncoding = 4; lastKnownFileType = sourcecode.c.h; path = UIViewCurlUpOrDownViewController.h; sourceTree = "<group>"; };
		2244B6CE17807BD70029F7FA /* UIViewCurlUpOrDownViewController.m */ = {isa = PBXFileReference; fileEncoding = 4; lastKnownFileType = sourcecode.c.objc; path = UIViewCurlUpOrDownViewController.m; sourceTree = "<group>"; };
		226C65051726CE2000050864 /* Item2ViewController.h */ = {isa = PBXFileReference; fileEncoding = 4; lastKnownFileType = sourcecode.c.h; path = Item2ViewController.h; sourceTree = "<group>"; };
		226C65061726CE2000050864 /* Item2ViewController.m */ = {isa = PBXFileReference; fileEncoding = 4; lastKnownFileType = sourcecode.c.objc; path = Item2ViewController.m; sourceTree = "<group>"; };
		22736AAC1778859D00BADFE7 /* CrosswiseViewController.h */ = {isa = PBXFileReference; fileEncoding = 4; lastKnownFileType = sourcecode.c.h; path = CrosswiseViewController.h; sourceTree = "<group>"; };
		22736AAD1778859D00BADFE7 /* CrosswiseViewController.m */ = {isa = PBXFileReference; fileEncoding = 4; lastKnownFileType = sourcecode.c.objc; path = CrosswiseViewController.m; sourceTree = "<group>"; };
		22736AAF17788F9000BADFE7 /* BFlyCircle.png */ = {isa = PBXFileReference; lastKnownFileType = image.png; path = BFlyCircle.png; sourceTree = "<group>"; };
		22736AB017788F9000BADFE7 /* cover 480x300-take2.png */ = {isa = PBXFileReference; lastKnownFileType = image.png; path = "cover 480x300-take2.png"; sourceTree = "<group>"; };
		22736AB117788F9000BADFE7 /* cover320x416.png */ = {isa = PBXFileReference; lastKnownFileType = image.png; path = cover320x416.png; sourceTree = "<group>"; };
		2295571916F222CC00C0DBD2 /* WFWebViewDemo.h */ = {isa = PBXFileReference; fileEncoding = 4; lastKnownFileType = sourcecode.c.h; path = WFWebViewDemo.h; sourceTree = "<group>"; };
		2295571A16F222CC00C0DBD2 /* WFWebViewDemo.m */ = {isa = PBXFileReference; fileEncoding = 4; lastKnownFileType = sourcecode.c.objc; path = WFWebViewDemo.m; sourceTree = "<group>"; };
		22A80A3518B2623400BCEC6A /* AccountForm.h */ = {isa = PBXFileReference; fileEncoding = 4; lastKnownFileType = sourcecode.c.h; path = AccountForm.h; sourceTree = "<group>"; };
		22A80A3618B2623400BCEC6A /* AccountForm.m */ = {isa = PBXFileReference; fileEncoding = 4; lastKnownFileType = sourcecode.c.objc; path = AccountForm.m; sourceTree = "<group>"; };
		22A8785A175E429600E82C69 /* MacAddress.h */ = {isa = PBXFileReference; fileEncoding = 4; lastKnownFileType = sourcecode.c.h; path = MacAddress.h; sourceTree = "<group>"; };
		22A8785B175E429600E82C69 /* MacAddress.m */ = {isa = PBXFileReference; fileEncoding = 4; lastKnownFileType = sourcecode.c.objc; path = MacAddress.m; sourceTree = "<group>"; };
		22A8785E175E437800E82C69 /* IndexViewController.h */ = {isa = PBXFileReference; fileEncoding = 4; lastKnownFileType = sourcecode.c.h; path = IndexViewController.h; sourceTree = "<group>"; };
		22A8785F175E437800E82C69 /* IndexViewController.m */ = {isa = PBXFileReference; fileEncoding = 4; lastKnownFileType = sourcecode.c.objc; path = IndexViewController.m; sourceTree = "<group>"; };
		22B39A7F182BECFE0027B360 /* FloatTable.h */ = {isa = PBXFileReference; fileEncoding = 4; lastKnownFileType = sourcecode.c.h; path = FloatTable.h; sourceTree = "<group>"; };
		22B39A80182BECFE0027B360 /* FloatTable.m */ = {isa = PBXFileReference; fileEncoding = 4; lastKnownFileType = sourcecode.c.objc; path = FloatTable.m; sourceTree = "<group>"; };
		22BC618A175653520079C4AE /* AboutGeometryViewController.h */ = {isa = PBXFileReference; fileEncoding = 4; lastKnownFileType = sourcecode.c.h; path = AboutGeometryViewController.h; sourceTree = "<group>"; };
		22BC618B175653520079C4AE /* AboutGeometryViewController.m */ = {isa = PBXFileReference; fileEncoding = 4; lastKnownFileType = sourcecode.c.objc; path = AboutGeometryViewController.m; sourceTree = "<group>"; };
		22BC83781770B0A900E71986 /* UIView-ViewFrameGeometry.h */ = {isa = PBXFileReference; fileEncoding = 4; lastKnownFileType = sourcecode.c.h; path = "UIView-ViewFrameGeometry.h"; sourceTree = "<group>"; };
		22BC83791770B0A900E71986 /* UIView-ViewFrameGeometry.m */ = {isa = PBXFileReference; fileEncoding = 4; lastKnownFileType = sourcecode.c.objc; path = "UIView-ViewFrameGeometry.m"; sourceTree = "<group>"; };
		22BC837B1770B26700E71986 /* UIViewCenterViewController.h */ = {isa = PBXFileReference; fileEncoding = 4; lastKnownFileType = sourcecode.c.h; path = UIViewCenterViewController.h; sourceTree = "<group>"; };
		22BC837C1770B26700E71986 /* UIViewCenterViewController.m */ = {isa = PBXFileReference; fileEncoding = 4; lastKnownFileType = sourcecode.c.objc; path = UIViewCenterViewController.m; sourceTree = "<group>"; };
		22C19C17178DA1D000DE31C1 /* MobileCoreServices.framework */ = {isa = PBXFileReference; lastKnownFileType = wrapper.framework; name = MobileCoreServices.framework; path = System/Library/Frameworks/MobileCoreServices.framework; sourceTree = SDKROOT; };
		22C64EC01745353900C4D18E /* QuartzCore.framework */ = {isa = PBXFileReference; lastKnownFileType = wrapper.framework; name = QuartzCore.framework; path = System/Library/Frameworks/QuartzCore.framework; sourceTree = SDKROOT; };
		22FB908E171050A5007A3933 /* Item1ViewController.h */ = {isa = PBXFileReference; fileEncoding = 4; lastKnownFileType = sourcecode.c.h; path = Item1ViewController.h; sourceTree = "<group>"; };
		22FB908F171050A5007A3933 /* Item1ViewController.m */ = {isa = PBXFileReference; fileEncoding = 4; lastKnownFileType = sourcecode.c.objc; path = Item1ViewController.m; sourceTree = "<group>"; };
		22FB9094171076D9007A3933 /* IMG_1142.JPG */ = {isa = PBXFileReference; lastKnownFileType = image.jpeg; path = IMG_1142.JPG; sourceTree = "<group>"; };
		22FB90961710774C007A3933 /* WFScrollViewDemo.h */ = {isa = PBXFileReference; fileEncoding = 4; lastKnownFileType = sourcecode.c.h; path = WFScrollViewDemo.h; sourceTree = "<group>"; };
		22FB90971710774C007A3933 /* WFScrollViewDemo.m */ = {isa = PBXFileReference; fileEncoding = 4; lastKnownFileType = sourcecode.c.objc; path = WFScrollViewDemo.m; sourceTree = "<group>"; };
		22FECF53164FFCA600720705 /* storyboardTest.app */ = {isa = PBXFileReference; explicitFileType = wrapper.application; includeInIndex = 0; path = storyboardTest.app; sourceTree = BUILT_PRODUCTS_DIR; };
		22FECF57164FFCA600720705 /* UIKit.framework */ = {isa = PBXFileReference; lastKnownFileType = wrapper.framework; name = UIKit.framework; path = System/Library/Frameworks/UIKit.framework; sourceTree = SDKROOT; };
		22FECF59164FFCA600720705 /* Foundation.framework */ = {isa = PBXFileReference; lastKnownFileType = wrapper.framework; name = Foundation.framework; path = System/Library/Frameworks/Foundation.framework; sourceTree = SDKROOT; };
		22FECF5B164FFCA600720705 /* CoreGraphics.framework */ = {isa = PBXFileReference; lastKnownFileType = wrapper.framework; name = CoreGraphics.framework; path = System/Library/Frameworks/CoreGraphics.framework; sourceTree = SDKROOT; };
		22FECF5F164FFCA600720705 /* storyboardTest-Info.plist */ = {isa = PBXFileReference; lastKnownFileType = text.plist.xml; path = "storyboardTest-Info.plist"; sourceTree = "<group>"; };
		22FECF61164FFCA600720705 /* en */ = {isa = PBXFileReference; lastKnownFileType = text.plist.strings; name = en; path = en.lproj/InfoPlist.strings; sourceTree = "<group>"; };
		22FECF63164FFCA600720705 /* main.m */ = {isa = PBXFileReference; lastKnownFileType = sourcecode.c.objc; path = main.m; sourceTree = "<group>"; };
		22FECF65164FFCA600720705 /* storyboardTest-Prefix.pch */ = {isa = PBXFileReference; lastKnownFileType = sourcecode.c.h; path = "storyboardTest-Prefix.pch"; sourceTree = "<group>"; };
		22FECF66164FFCA600720705 /* WFAppDelegate.h */ = {isa = PBXFileReference; lastKnownFileType = sourcecode.c.h; path = WFAppDelegate.h; sourceTree = "<group>"; };
		22FECF67164FFCA600720705 /* WFAppDelegate.m */ = {isa = PBXFileReference; lastKnownFileType = sourcecode.c.objc; path = WFAppDelegate.m; sourceTree = "<group>"; };
		22FECF69164FFCA600720705 /* Default.png */ = {isa = PBXFileReference; lastKnownFileType = image.png; path = Default.png; sourceTree = "<group>"; };
		22FECF6B164FFCA600720705 /* Default@2x.png */ = {isa = PBXFileReference; lastKnownFileType = image.png; path = "Default@2x.png"; sourceTree = "<group>"; };
		22FECF6D164FFCA600720705 /* Default-568h@2x.png */ = {isa = PBXFileReference; lastKnownFileType = image.png; path = "Default-568h@2x.png"; sourceTree = "<group>"; };
		22FECF70164FFCA600720705 /* en */ = {isa = PBXFileReference; lastKnownFileType = file.storyboard; name = en; path = en.lproj/MainStoryboard.storyboard; sourceTree = "<group>"; };
		22FECF72164FFCA600720705 /* WFViewController.h */ = {isa = PBXFileReference; lastKnownFileType = sourcecode.c.h; path = WFViewController.h; sourceTree = "<group>"; };
		22FECF73164FFCA600720705 /* WFViewController.m */ = {isa = PBXFileReference; lastKnownFileType = sourcecode.c.objc; path = WFViewController.m; sourceTree = "<group>"; };
		22FECF80164FFE3800720705 /* WFLoginViewViewController.h */ = {isa = PBXFileReference; fileEncoding = 4; lastKnownFileType = sourcecode.c.h; path = WFLoginViewViewController.h; sourceTree = "<group>"; };
		22FECF81164FFE3800720705 /* WFLoginViewViewController.m */ = {isa = PBXFileReference; fileEncoding = 4; lastKnownFileType = sourcecode.c.objc; path = WFLoginViewViewController.m; sourceTree = "<group>"; };
		22FECF83164FFE6200720705 /* WFCityListViewController.h */ = {isa = PBXFileReference; fileEncoding = 4; lastKnownFileType = sourcecode.c.h; path = WFCityListViewController.h; sourceTree = "<group>"; };
		22FECF84164FFE6200720705 /* WFCityListViewController.m */ = {isa = PBXFileReference; fileEncoding = 4; lastKnownFileType = sourcecode.c.objc; path = WFCityListViewController.m; sourceTree = "<group>"; };
		22FFBE82171477F900A3D396 /* FileManager.h */ = {isa = PBXFileReference; fileEncoding = 4; lastKnownFileType = sourcecode.c.h; path = FileManager.h; sourceTree = "<group>"; };
		22FFBE83171477F900A3D396 /* FileManager.m */ = {isa = PBXFileReference; fileEncoding = 4; lastKnownFileType = sourcecode.c.objc; path = FileManager.m; sourceTree = "<group>"; };
		35015173172BAFD100D72B8C /* NSCalendar+NSCalendar_Category.h */ = {isa = PBXFileReference; fileEncoding = 4; lastKnownFileType = sourcecode.c.h; path = "NSCalendar+NSCalendar_Category.h"; sourceTree = "<group>"; };
		35015174172BAFD100D72B8C /* NSCalendar+NSCalendar_Category.m */ = {isa = PBXFileReference; fileEncoding = 4; lastKnownFileType = sourcecode.c.objc; path = "NSCalendar+NSCalendar_Category.m"; sourceTree = "<group>"; };
		3501D11D1737A6B1002F74D6 /* AccelerometerFilter.h */ = {isa = PBXFileReference; fileEncoding = 4; lastKnownFileType = sourcecode.c.h; path = AccelerometerFilter.h; sourceTree = "<group>"; };
		3501D11E1737A6B1002F74D6 /* AccelerometerFilter.m */ = {isa = PBXFileReference; fileEncoding = 4; lastKnownFileType = sourcecode.c.objc; path = AccelerometerFilter.m; sourceTree = "<group>"; };
		3501D1201737A737002F74D6 /* AccelerometerViewController.h */ = {isa = PBXFileReference; fileEncoding = 4; lastKnownFileType = sourcecode.c.h; path = AccelerometerViewController.h; sourceTree = "<group>"; };
		3501D1211737A737002F74D6 /* AccelerometerViewController.m */ = {isa = PBXFileReference; fileEncoding = 4; lastKnownFileType = sourcecode.c.objc; path = AccelerometerViewController.m; sourceTree = "<group>"; };
		35166F6C1831C8A400F82BAA /* FloatViewObj.h */ = {isa = PBXFileReference; fileEncoding = 4; lastKnownFileType = sourcecode.c.h; path = FloatViewObj.h; sourceTree = "<group>"; };
		35166F6D1831C8A400F82BAA /* FloatViewObj.m */ = {isa = PBXFileReference; fileEncoding = 4; lastKnownFileType = sourcecode.c.objc; path = FloatViewObj.m; sourceTree = "<group>"; };
		35166F7918334C2000F82BAA /* WFScrollDemo2ViewController.h */ = {isa = PBXFileReference; fileEncoding = 4; lastKnownFileType = sourcecode.c.h; path = WFScrollDemo2ViewController.h; sourceTree = "<group>"; };
		35166F7A18334C2000F82BAA /* WFScrollDemo2ViewController.m */ = {isa = PBXFileReference; fileEncoding = 4; lastKnownFileType = sourcecode.c.objc; path = WFScrollDemo2ViewController.m; sourceTree = "<group>"; };
		3526E11217CAF6950065E360 /* teagarden.png */ = {isa = PBXFileReference; lastKnownFileType = image.png; path = teagarden.png; sourceTree = "<group>"; };
		3526E11317CAF6950065E360 /* teagarden@2x.png */ = {isa = PBXFileReference; lastKnownFileType = image.png; path = "teagarden@2x.png"; sourceTree = "<group>"; };
		3526E11817CAFA2E0065E360 /* HotelAnnotation.h */ = {isa = PBXFileReference; fileEncoding = 4; lastKnownFileType = sourcecode.c.h; path = HotelAnnotation.h; sourceTree = "<group>"; };
		3526E11917CAFA2E0065E360 /* HotelAnnotation.m */ = {isa = PBXFileReference; fileEncoding = 4; lastKnownFileType = sourcecode.c.objc; path = HotelAnnotation.m; sourceTree = "<group>"; };
		3526E11B17CB1F7D0065E360 /* CoreLocation.framework */ = {isa = PBXFileReference; lastKnownFileType = wrapper.framework; name = CoreLocation.framework; path = System/Library/Frameworks/CoreLocation.framework; sourceTree = SDKROOT; };
		3526E11E17CB25C80065E360 /* HotelAnnotationView.h */ = {isa = PBXFileReference; fileEncoding = 4; lastKnownFileType = sourcecode.c.h; path = HotelAnnotationView.h; sourceTree = "<group>"; };
		3526E11F17CB25C80065E360 /* HotelAnnotationView.m */ = {isa = PBXFileReference; fileEncoding = 4; lastKnownFileType = sourcecode.c.objc; path = HotelAnnotationView.m; sourceTree = "<group>"; };
		3526E12117CB4C9C0065E360 /* map_bubble.png */ = {isa = PBXFileReference; lastKnownFileType = image.png; path = map_bubble.png; sourceTree = "<group>"; };
		3526E12217CB4C9C0065E360 /* map_bubble@2x.png */ = {isa = PBXFileReference; lastKnownFileType = image.png; path = "map_bubble@2x.png"; sourceTree = "<group>"; };
		3527181317978F8F005FA9CA /* UserDefaultHelper.h */ = {isa = PBXFileReference; fileEncoding = 4; lastKnownFileType = sourcecode.c.h; path = UserDefaultHelper.h; sourceTree = "<group>"; };
		3527181417978F8F005FA9CA /* UserDefaultHelper.m */ = {isa = PBXFileReference; fileEncoding = 4; lastKnownFileType = sourcecode.c.objc; path = UserDefaultHelper.m; sourceTree = "<group>"; };
		3540AEF4182B7D1C006B12FD /* UINavigationBar+Categories.h */ = {isa = PBXFileReference; fileEncoding = 4; lastKnownFileType = sourcecode.c.h; path = "UINavigationBar+Categories.h"; sourceTree = "<group>"; };
		3540AEF5182B7D1C006B12FD /* UINavigationBar+Categories.m */ = {isa = PBXFileReference; fileEncoding = 4; lastKnownFileType = sourcecode.c.objc; path = "UINavigationBar+Categories.m"; sourceTree = "<group>"; };
		3540AEF7182B8E0E006B12FD /* FloatDemoViewController.h */ = {isa = PBXFileReference; fileEncoding = 4; lastKnownFileType = sourcecode.c.h; path = FloatDemoViewController.h; sourceTree = "<group>"; };
		3540AEF8182B8E0E006B12FD /* FloatDemoViewController.m */ = {isa = PBXFileReference; fileEncoding = 4; lastKnownFileType = sourcecode.c.objc; path = FloatDemoViewController.m; sourceTree = "<group>"; };
		3540AEFE182C74D4006B12FD /* hotel-topbar-back.png */ = {isa = PBXFileReference; lastKnownFileType = image.png; path = "hotel-topbar-back.png"; sourceTree = "<group>"; };
		3540AEFF182C74D4006B12FD /* hotel-topbar-back@2x.png */ = {isa = PBXFileReference; lastKnownFileType = image.png; path = "hotel-topbar-back@2x.png"; sourceTree = "<group>"; };
		3540AF02182C74EC006B12FD /* hotel-topbar-phone.png */ = {isa = PBXFileReference; lastKnownFileType = image.png; path = "hotel-topbar-phone.png"; sourceTree = "<group>"; };
		3540AF03182C74EC006B12FD /* hotel-topbar-phone@2x.png */ = {isa = PBXFileReference; lastKnownFileType = image.png; path = "hotel-topbar-phone@2x.png"; sourceTree = "<group>"; };
		3540AF06182C79CB006B12FD /* FloatViewControl.h */ = {isa = PBXFileReference; fileEncoding = 4; lastKnownFileType = sourcecode.c.h; path = FloatViewControl.h; sourceTree = "<group>"; };
		3540AF07182C79CB006B12FD /* FloatViewControl.m */ = {isa = PBXFileReference; fileEncoding = 4; lastKnownFileType = sourcecode.c.objc; path = FloatViewControl.m; sourceTree = "<group>"; };
		354890781739FC7300E1EF4B /* ShakeViewController.h */ = {isa = PBXFileReference; fileEncoding = 4; lastKnownFileType = sourcecode.c.h; path = ShakeViewController.h; sourceTree = "<group>"; };
		354890791739FC7300E1EF4B /* ShakeViewController.m */ = {isa = PBXFileReference; fileEncoding = 4; lastKnownFileType = sourcecode.c.objc; path = ShakeViewController.m; sourceTree = "<group>"; };
		35603FD5178C0100000D0BB5 /* CustomeSugue.h */ = {isa = PBXFileReference; fileEncoding = 4; lastKnownFileType = sourcecode.c.h; path = CustomeSugue.h; sourceTree = "<group>"; };
		35603FD6178C0100000D0BB5 /* CustomeSugue.m */ = {isa = PBXFileReference; fileEncoding = 4; lastKnownFileType = sourcecode.c.objc; path = CustomeSugue.m; sourceTree = "<group>"; };
		357030AD1890FE7A00110D3D /* WFTableViewDemo1.h */ = {isa = PBXFileReference; fileEncoding = 4; lastKnownFileType = sourcecode.c.h; path = WFTableViewDemo1.h; sourceTree = "<group>"; };
		357030AE1890FE7A00110D3D /* WFTableViewDemo1.m */ = {isa = PBXFileReference; fileEncoding = 4; lastKnownFileType = sourcecode.c.objc; path = WFTableViewDemo1.m; sourceTree = "<group>"; };
		3570AB11181123DE00C851D2 /* Constant.h */ = {isa = PBXFileReference; fileEncoding = 4; lastKnownFileType = sourcecode.c.h; path = Constant.h; sourceTree = "<group>"; };
		3570AB121811281A00C851D2 /* MobClick.h */ = {isa = PBXFileReference; fileEncoding = 4; lastKnownFileType = sourcecode.c.h; path = MobClick.h; sourceTree = "<group>"; };
		3570AB131811281A00C851D2 /* libMobClickLibrary.a */ = {isa = PBXFileReference; lastKnownFileType = archive.ar; path = libMobClickLibrary.a; sourceTree = "<group>"; };
		3570AB291811317800C851D2 /* storyboardTest.xcodeproj */ = {isa = PBXFileReference; lastKnownFileType = "wrapper.pb-project"; path = storyboardTest.xcodeproj; sourceTree = "<group>"; };
		3570AB301811325400C851D2 /* libiconv.dylib */ = {isa = PBXFileReference; lastKnownFileType = "compiled.mach-o.dylib"; name = libiconv.dylib; path = usr/lib/libiconv.dylib; sourceTree = SDKROOT; };
		3570AB3C18113B4A00C851D2 /* en */ = {isa = PBXFileReference; lastKnownFileType = text.plist.strings; name = en; path = en.lproj/UMSocialLocalizable.strings; sourceTree = "<group>"; };
		3570AB3F18113B4A00C851D2 /* TencentOpenAPI.framework */ = {isa = PBXFileReference; lastKnownFileType = wrapper.framework; path = TencentOpenAPI.framework; sourceTree = "<group>"; };
		3570AB4118113B4A00C851D2 /* libWeChatSDK.a */ = {isa = PBXFileReference; lastKnownFileType = archive.ar; path = libWeChatSDK.a; sourceTree = "<group>"; };
		3570AB4218113B4A00C851D2 /* WXApi.h */ = {isa = PBXFileReference; fileEncoding = 4; lastKnownFileType = sourcecode.c.h; path = WXApi.h; sourceTree = "<group>"; };
		3570AB4318113B4A00C851D2 /* WXApiObject.h */ = {isa = PBXFileReference; fileEncoding = 4; lastKnownFileType = sourcecode.c.h; path = WXApiObject.h; sourceTree = "<group>"; };
		3570AB4518113B4A00C851D2 /* UMSocial.h */ = {isa = PBXFileReference; fileEncoding = 4; lastKnownFileType = sourcecode.c.h; path = UMSocial.h; sourceTree = "<group>"; };
		3570AB4618113B4A00C851D2 /* UMSocialAccountManager.h */ = {isa = PBXFileReference; fileEncoding = 4; lastKnownFileType = sourcecode.c.h; path = UMSocialAccountManager.h; sourceTree = "<group>"; };
		3570AB4718113B4A00C851D2 /* UMSocialBar.h */ = {isa = PBXFileReference; fileEncoding = 4; lastKnownFileType = sourcecode.c.h; path = UMSocialBar.h; sourceTree = "<group>"; };
		3570AB4818113B4A00C851D2 /* UMSocialConfig.h */ = {isa = PBXFileReference; fileEncoding = 4; lastKnownFileType = sourcecode.c.h; path = UMSocialConfig.h; sourceTree = "<group>"; };
		3570AB4918113B4A00C851D2 /* UMSocialControllerService.h */ = {isa = PBXFileReference; fileEncoding = 4; lastKnownFileType = sourcecode.c.h; path = UMSocialControllerService.h; sourceTree = "<group>"; };
		3570AB4A18113B4A00C851D2 /* UMSocialControllerServiceComment.h */ = {isa = PBXFileReference; fileEncoding = 4; lastKnownFileType = sourcecode.c.h; path = UMSocialControllerServiceComment.h; sourceTree = "<group>"; };
		3570AB4B18113B4A00C851D2 /* UMSocialData.h */ = {isa = PBXFileReference; fileEncoding = 4; lastKnownFileType = sourcecode.c.h; path = UMSocialData.h; sourceTree = "<group>"; };
		3570AB4C18113B4A00C851D2 /* UMSocialDataService.h */ = {isa = PBXFileReference; fileEncoding = 4; lastKnownFileType = sourcecode.c.h; path = UMSocialDataService.h; sourceTree = "<group>"; };
		3570AB4D18113B4A00C851D2 /* UMSocialSnsPlatformManager.h */ = {isa = PBXFileReference; fileEncoding = 4; lastKnownFileType = sourcecode.c.h; path = UMSocialSnsPlatformManager.h; sourceTree = "<group>"; };
		3570AB4E18113B4A00C851D2 /* UMSocialSnsService.h */ = {isa = PBXFileReference; fileEncoding = 4; lastKnownFileType = sourcecode.c.h; path = UMSocialSnsService.h; sourceTree = "<group>"; };
		3570AB4F18113B4A00C851D2 /* libUMSocial_Sdk_3.1.a */ = {isa = PBXFileReference; lastKnownFileType = archive.ar; path = libUMSocial_Sdk_3.1.a; sourceTree = "<group>"; };
		3570AB5018113B4A00C851D2 /* libUMSocial_Sdk_Comment_3.1.a */ = {isa = PBXFileReference; lastKnownFileType = archive.ar; path = libUMSocial_Sdk_Comment_3.1.a; sourceTree = "<group>"; };
		3570AB5218113B4A00C851D2 /* UMSCommentDetailController.xib */ = {isa = PBXFileReference; fileEncoding = 4; lastKnownFileType = file.xib; path = UMSCommentDetailController.xib; sourceTree = "<group>"; };
		3570AB5318113B4A00C851D2 /* UMSCommentInputController.xib */ = {isa = PBXFileReference; fileEncoding = 4; lastKnownFileType = file.xib; path = UMSCommentInputController.xib; sourceTree = "<group>"; };
		3570AB5418113B4A00C851D2 /* UMSCommentInputControlleriPad.xib */ = {isa = PBXFileReference; fileEncoding = 4; lastKnownFileType = file.xib; path = UMSCommentInputControlleriPad.xib; sourceTree = "<group>"; };
		3570AB5518113B4A00C851D2 /* UMShareEditViewController.xib */ = {isa = PBXFileReference; fileEncoding = 4; lastKnownFileType = file.xib; path = UMShareEditViewController.xib; sourceTree = "<group>"; };
		3570AB5618113B4A00C851D2 /* UMShareEditViewControlleriPad.xib */ = {isa = PBXFileReference; fileEncoding = 4; lastKnownFileType = file.xib; path = UMShareEditViewControlleriPad.xib; sourceTree = "<group>"; };
		3570AB5718113B4A00C851D2 /* UMSLoginViewController.xib */ = {isa = PBXFileReference; fileEncoding = 4; lastKnownFileType = file.xib; path = UMSLoginViewController.xib; sourceTree = "<group>"; };
		3570AB5818113B4A00C851D2 /* UMSnsAccountViewController.xib */ = {isa = PBXFileReference; fileEncoding = 4; lastKnownFileType = file.xib; path = UMSnsAccountViewController.xib; sourceTree = "<group>"; };
		3570AB5918113B4A00C851D2 /* UMSShareListController.xib */ = {isa = PBXFileReference; fileEncoding = 4; lastKnownFileType = file.xib; path = UMSShareListController.xib; sourceTree = "<group>"; };
		3570AB5A18113B4A00C851D2 /* UMSocialSDKResourcesNew.bundle */ = {isa = PBXFileReference; lastKnownFileType = "wrapper.plug-in"; path = UMSocialSDKResourcesNew.bundle; sourceTree = "<group>"; };
		3570AB5B18113B4A00C851D2 /* zh-Hans */ = {isa = PBXFileReference; lastKnownFileType = text.plist.strings; name = "zh-Hans"; path = "zh-Hans.lproj/UMSocialLocalizable.strings"; sourceTree = "<group>"; };
		3570AB6A18113BCA00C851D2 /* SystemConfiguration.framework */ = {isa = PBXFileReference; lastKnownFileType = wrapper.framework; name = SystemConfiguration.framework; path = System/Library/Frameworks/SystemConfiguration.framework; sourceTree = SDKROOT; };
		3570AB6C18113C1400C851D2 /* libsqlite3.dylib */ = {isa = PBXFileReference; lastKnownFileType = "compiled.mach-o.dylib"; name = libsqlite3.dylib; path = usr/lib/libsqlite3.dylib; sourceTree = SDKROOT; };
		3570AB6E18113C2000C851D2 /* CoreTelephony.framework */ = {isa = PBXFileReference; lastKnownFileType = wrapper.framework; name = CoreTelephony.framework; path = System/Library/Frameworks/CoreTelephony.framework; sourceTree = SDKROOT; };
		3570AB7018113C2F00C851D2 /* libstdc++.dylib */ = {isa = PBXFileReference; lastKnownFileType = "compiled.mach-o.dylib"; name = "libstdc++.dylib"; path = "usr/lib/libstdc++.dylib"; sourceTree = SDKROOT; };
		3570AB7218113C3E00C851D2 /* libz.dylib */ = {isa = PBXFileReference; lastKnownFileType = "compiled.mach-o.dylib"; name = libz.dylib; path = usr/lib/libz.dylib; sourceTree = SDKROOT; };
		3579CB771820B7B1008163A5 /* JJNavigationBar.h */ = {isa = PBXFileReference; fileEncoding = 4; lastKnownFileType = sourcecode.c.h; path = JJNavigationBar.h; sourceTree = "<group>"; };
		3579CB781820B7B1008163A5 /* JJNavigationBar.m */ = {isa = PBXFileReference; fileEncoding = 4; lastKnownFileType = sourcecode.c.objc; path = JJNavigationBar.m; sourceTree = "<group>"; };
		35B142D918AB55B7006A27AA /* WFLoginForm.h */ = {isa = PBXFileReference; fileEncoding = 4; lastKnownFileType = sourcecode.c.h; path = WFLoginForm.h; sourceTree = "<group>"; };
		35B142DA18AB55B7006A27AA /* WFLoginForm.m */ = {isa = PBXFileReference; fileEncoding = 4; lastKnownFileType = sourcecode.c.objc; path = WFLoginForm.m; sourceTree = "<group>"; };
		35BD56FD173A3B1F00606275 /* glass.wav */ = {isa = PBXFileReference; lastKnownFileType = audio.wav; path = glass.wav; sourceTree = "<group>"; };
		35BD56FF173A3B8000606275 /* AudioToolbox.framework */ = {isa = PBXFileReference; lastKnownFileType = wrapper.framework; name = AudioToolbox.framework; path = System/Library/Frameworks/AudioToolbox.framework; sourceTree = SDKROOT; };
		35CDBFD41828CC16001B1A6E /* WFJJNavigationViewController.h */ = {isa = PBXFileReference; fileEncoding = 4; lastKnownFileType = sourcecode.c.h; path = WFJJNavigationViewController.h; sourceTree = "<group>"; };
		35CDBFD51828CC16001B1A6E /* WFJJNavigationViewController.m */ = {isa = PBXFileReference; fileEncoding = 4; lastKnownFileType = sourcecode.c.objc; path = WFJJNavigationViewController.m; sourceTree = "<group>"; };
		35CDBFD71828CCC5001B1A6E /* WFJJViewController.h */ = {isa = PBXFileReference; fileEncoding = 4; lastKnownFileType = sourcecode.c.h; path = WFJJViewController.h; sourceTree = "<group>"; };
		35CDBFD81828CCC5001B1A6E /* WFJJViewController.m */ = {isa = PBXFileReference; fileEncoding = 4; lastKnownFileType = sourcecode.c.objc; path = WFJJViewController.m; sourceTree = "<group>"; };
		35CDBFDA1828CDC6001B1A6E /* DeviceInfo.h */ = {isa = PBXFileReference; fileEncoding = 4; lastKnownFileType = sourcecode.c.h; path = DeviceInfo.h; sourceTree = "<group>"; };
		35CDBFDB1828CDC6001B1A6E /* DeviceInfo.m */ = {isa = PBXFileReference; fileEncoding = 4; lastKnownFileType = sourcecode.c.objc; path = DeviceInfo.m; sourceTree = "<group>"; };
		35E4F2E01890F1B400675916 /* WFBarItemViewController.h */ = {isa = PBXFileReference; lastKnownFileType = sourcecode.c.h; path = WFBarItemViewController.h; sourceTree = "<group>"; };
		35E4F2E11890F1B400675916 /* WFBarItemViewController.m */ = {isa = PBXFileReference; lastKnownFileType = sourcecode.c.objc; path = WFBarItemViewController.m; sourceTree = "<group>"; };
		35F1BAF817326F2500FBE740 /* Item3ViewController.h */ = {isa = PBXFileReference; fileEncoding = 4; lastKnownFileType = sourcecode.c.h; path = Item3ViewController.h; sourceTree = "<group>"; };
		35F1BAF917326F2500FBE740 /* Item3ViewController.m */ = {isa = PBXFileReference; fileEncoding = 4; lastKnownFileType = sourcecode.c.objc; path = Item3ViewController.m; sourceTree = "<group>"; };
		35F92C5417C74FA800D505CD /* MapKitViewController.h */ = {isa = PBXFileReference; fileEncoding = 4; lastKnownFileType = sourcecode.c.h; path = MapKitViewController.h; sourceTree = "<group>"; };
		35F92C5517C74FA800D505CD /* MapKitViewController.m */ = {isa = PBXFileReference; fileEncoding = 4; lastKnownFileType = sourcecode.c.objc; path = MapKitViewController.m; sourceTree = "<group>"; };
		35F92C5717C74FD200D505CD /* MapKit.framework */ = {isa = PBXFileReference; lastKnownFileType = wrapper.framework; name = MapKit.framework; path = System/Library/Frameworks/MapKit.framework; sourceTree = SDKROOT; };
		4B114237BA658983CC01EC65 /* WFFooterView.h */ = {isa = PBXFileReference; fileEncoding = 4; lastKnownFileType = sourcecode.c.h; path = WFFooterView.h; sourceTree = "<group>"; };
		4B1142FAAA3450A8E66B514E /* WFFooterView.m */ = {isa = PBXFileReference; fileEncoding = 4; lastKnownFileType = sourcecode.c.objc; path = WFFooterView.m; sourceTree = "<group>"; };
/* End PBXFileReference section */

/* Begin PBXFrameworksBuildPhase section */
		22FECF50164FFCA600720705 /* Frameworks */ = {
			isa = PBXFrameworksBuildPhase;
			buildActionMask = 2147483647;
			files = (
				3570AB7318113C3E00C851D2 /* libz.dylib in Frameworks */,
				3570AB7118113C2F00C851D2 /* libstdc++.dylib in Frameworks */,
				3570AB6F18113C2000C851D2 /* CoreTelephony.framework in Frameworks */,
				3570AB6D18113C1400C851D2 /* libsqlite3.dylib in Frameworks */,
				22FECF5C164FFCA600720705 /* CoreGraphics.framework in Frameworks */,
				3570AB6B18113BCA00C851D2 /* SystemConfiguration.framework in Frameworks */,
				3570AB311811325400C851D2 /* libiconv.dylib in Frameworks */,
				22C19C18178DA1D000DE31C1 /* MobileCoreServices.framework in Frameworks */,
				3570AB5E18113B4A00C851D2 /* libWeChatSDK.a in Frameworks */,
				3570AB141811281A00C851D2 /* libMobClickLibrary.a in Frameworks */,
				22C64EC11745353900C4D18E /* QuartzCore.framework in Frameworks */,
				22FECF58164FFCA600720705 /* UIKit.framework in Frameworks */,
				35F92C5917C74FF000D505CD /* MapKit.framework in Frameworks */,
				22FECF5A164FFCA600720705 /* Foundation.framework in Frameworks */,
				35F4A8CB17407634004C48F6 /* AudioToolbox.framework in Frameworks */,
				3570AB5F18113B4A00C851D2 /* libUMSocial_Sdk_3.1.a in Frameworks */,
				3570AB5D18113B4A00C851D2 /* TencentOpenAPI.framework in Frameworks */,
				3570AB6018113B4A00C851D2 /* libUMSocial_Sdk_Comment_3.1.a in Frameworks */,
				3526E11D17CB1F930065E360 /* CoreLocation.framework in Frameworks */,
			);
			runOnlyForDeploymentPostprocessing = 0;
		};
/* End PBXFrameworksBuildPhase section */

/* Begin PBXGroup section */
		1BBDFBB304D87956C41940DF /* common */ = {
			isa = PBXGroup;
			children = (
				22A87859175E426F00E82C69 /* utils */,
				35015172172BAF5C00D72B8C /* catearey */,
				22FFBE81171477D900A3D396 /* fileManager */,
				3579CB771820B7B1008163A5 /* JJNavigationBar.h */,
				3579CB781820B7B1008163A5 /* JJNavigationBar.m */,
				35CDBFD41828CC16001B1A6E /* WFJJNavigationViewController.h */,
				35CDBFD51828CC16001B1A6E /* WFJJNavigationViewController.m */,
				35CDBFD71828CCC5001B1A6E /* WFJJViewController.h */,
				35CDBFD81828CCC5001B1A6E /* WFJJViewController.m */,
				22159CF6184F75700061A8DE /* WeatherWidgetViewController.h */,
				22159CF7184F75700061A8DE /* WeatherWidgetViewController.m */,
				35E4F2E01890F1B400675916 /* WFBarItemViewController.h */,
				35E4F2E11890F1B400675916 /* WFBarItemViewController.m */,
			);
			name = common;
			sourceTree = "<group>";
		};
		2244B6CC17807B990029F7FA /* curlUPOrDown */ = {
			isa = PBXGroup;
			children = (
				2244B6CD17807BD70029F7FA /* UIViewCurlUpOrDownViewController.h */,
				2244B6CE17807BD70029F7FA /* UIViewCurlUpOrDownViewController.m */,
			);
			name = curlUPOrDown;
			sourceTree = "<group>";
		};
		22736AAB1778850000BADFE7 /* crosswiseAndVertical */ = {
			isa = PBXGroup;
			children = (
				22736AAC1778859D00BADFE7 /* CrosswiseViewController.h */,
				22736AAD1778859D00BADFE7 /* CrosswiseViewController.m */,
			);
			name = crosswiseAndVertical;
			sourceTree = "<group>";
		};
		2295571816F2227000C0DBD2 /* webViewDemo */ = {
			isa = PBXGroup;
			children = (
				2295571916F222CC00C0DBD2 /* WFWebViewDemo.h */,
				2295571A16F222CC00C0DBD2 /* WFWebViewDemo.m */,
			);
			name = webViewDemo;
			sourceTree = "<group>";
		};
		22A87859175E426F00E82C69 /* utils */ = {
			isa = PBXGroup;
			children = (
				35CDBFDA1828CDC6001B1A6E /* DeviceInfo.h */,
				35CDBFDB1828CDC6001B1A6E /* DeviceInfo.m */,
				3527181217978F6C005FA9CA /* Helper */,
				22A8785A175E429600E82C69 /* MacAddress.h */,
				22A8785B175E429600E82C69 /* MacAddress.m */,
			);
			name = utils;
			sourceTree = "<group>";
		};
		22A8785D175E436200E82C69 /* index */ = {
			isa = PBXGroup;
			children = (
				22A8785E175E437800E82C69 /* IndexViewController.h */,
				22A8785F175E437800E82C69 /* IndexViewController.m */,
			);
			name = index;
			sourceTree = "<group>";
		};
		22BC6188175652860079C4AE /* UIViewDemo */ = {
			isa = PBXGroup;
			children = (
				2244B6CC17807B990029F7FA /* curlUPOrDown */,
				22736AAB1778850000BADFE7 /* crosswiseAndVertical */,
				22BC83771770B07B00E71986 /* UIViewCenterTest */,
				22BC618A175653520079C4AE /* AboutGeometryViewController.h */,
				22BC618B175653520079C4AE /* AboutGeometryViewController.m */,
			);
			name = UIViewDemo;
			sourceTree = "<group>";
		};
		22BC83771770B07B00E71986 /* UIViewCenterTest */ = {
			isa = PBXGroup;
			children = (
				22BC83781770B0A900E71986 /* UIView-ViewFrameGeometry.h */,
				22BC83791770B0A900E71986 /* UIView-ViewFrameGeometry.m */,
				22BC837B1770B26700E71986 /* UIViewCenterViewController.h */,
				22BC837C1770B26700E71986 /* UIViewCenterViewController.m */,
			);
			name = UIViewCenterTest;
			sourceTree = "<group>";
		};
		22FB908D171048C8007A3933 /* barItem */ = {
			isa = PBXGroup;
			children = (
				357030AC1890FE1000110D3D /* tableView */,
				35F92C5317C74F7200D505CD /* MapViewDemo */,
				35603FD4178C00E8000D0BB5 /* customerSugueDemo */,
				22BC6188175652860079C4AE /* UIViewDemo */,
				354890741739FA8000E1EF4B /* shakeDemo */,
				3501D11C1737A68E002F74D6 /* accelerometerDemo */,
				22FB9092171074BE007A3933 /* scrollViewDemo */,
				2295571816F2227000C0DBD2 /* webViewDemo */,
				22FB908E171050A5007A3933 /* Item1ViewController.h */,
				22FB908F171050A5007A3933 /* Item1ViewController.m */,
				226C65051726CE2000050864 /* Item2ViewController.h */,
				226C65061726CE2000050864 /* Item2ViewController.m */,
				35F1BAF817326F2500FBE740 /* Item3ViewController.h */,
				35F1BAF917326F2500FBE740 /* Item3ViewController.m */,
			);
			name = barItem;
			sourceTree = "<group>";
		};
		22FB9092171074BE007A3933 /* scrollViewDemo */ = {
			isa = PBXGroup;
			children = (
				35166F7818334BEF00F82BAA /* view */,
				35166F7718334BDB00F82BAA /* image */,
			);
			name = scrollViewDemo;
			sourceTree = "<group>";
		};
		22FB90931710752E007A3933 /* img */ = {
			isa = PBXGroup;
			children = (
				22159CFC184F85390061A8DE /* hotel-next.png */,
				22159CFD184F85390061A8DE /* hotel-next@2x.png */,
				22159CF2184F75290061A8DE /* cloudy.png */,
				22159CF3184F75290061A8DE /* cloudy@2x.png */,
				3540AF02182C74EC006B12FD /* hotel-topbar-phone.png */,
				3540AF03182C74EC006B12FD /* hotel-topbar-phone@2x.png */,
				3540AEFE182C74D4006B12FD /* hotel-topbar-back.png */,
				3540AEFF182C74D4006B12FD /* hotel-topbar-back@2x.png */,
				3526E12117CB4C9C0065E360 /* map_bubble.png */,
				3526E12217CB4C9C0065E360 /* map_bubble@2x.png */,
				3526E11217CAF6950065E360 /* teagarden.png */,
				3526E11317CAF6950065E360 /* teagarden@2x.png */,
				22736AAF17788F9000BADFE7 /* BFlyCircle.png */,
				22736AB017788F9000BADFE7 /* cover 480x300-take2.png */,
				22736AB117788F9000BADFE7 /* cover320x416.png */,
				22FB9094171076D9007A3933 /* IMG_1142.JPG */,
			);
			name = img;
			sourceTree = "<group>";
		};
		22FECF48164FFCA600720705 = {
			isa = PBXGroup;
			children = (
				22FECF5D164FFCA600720705 /* storyboardTest */,
				22FECF56164FFCA600720705 /* Frameworks */,
				22FECF54164FFCA600720705 /* Products */,
			);
			sourceTree = "<group>";
		};
		22FECF54164FFCA600720705 /* Products */ = {
			isa = PBXGroup;
			children = (
				22FECF53164FFCA600720705 /* storyboardTest.app */,
			);
			name = Products;
			sourceTree = "<group>";
		};
		22FECF56164FFCA600720705 /* Frameworks */ = {
			isa = PBXGroup;
			children = (
				3570AB7218113C3E00C851D2 /* libz.dylib */,
				3570AB7018113C2F00C851D2 /* libstdc++.dylib */,
				3570AB6E18113C2000C851D2 /* CoreTelephony.framework */,
				3570AB6C18113C1400C851D2 /* libsqlite3.dylib */,
				3570AB6A18113BCA00C851D2 /* SystemConfiguration.framework */,
				3570AB301811325400C851D2 /* libiconv.dylib */,
				3570AB291811317800C851D2 /* storyboardTest.xcodeproj */,
				3526E11B17CB1F7D0065E360 /* CoreLocation.framework */,
				35F92C5717C74FD200D505CD /* MapKit.framework */,
				22C19C17178DA1D000DE31C1 /* MobileCoreServices.framework */,
				22C64EC01745353900C4D18E /* QuartzCore.framework */,
				35BD56FF173A3B8000606275 /* AudioToolbox.framework */,
				22FECF57164FFCA600720705 /* UIKit.framework */,
				22FECF59164FFCA600720705 /* Foundation.framework */,
				22FECF5B164FFCA600720705 /* CoreGraphics.framework */,
			);
			name = Frameworks;
			sourceTree = "<group>";
		};
		22FECF5D164FFCA600720705 /* storyboardTest */ = {
			isa = PBXGroup;
			children = (
				22FECF7C164FFDBB00720705 /* Other Resources */,
				22FECF7B164FFDB000720705 /* Resources */,
				22FECF7A164FFDA600720705 /* Classes */,
				22FECF66164FFCA600720705 /* WFAppDelegate.h */,
				22FECF67164FFCA600720705 /* WFAppDelegate.m */,
				22FECF6F164FFCA600720705 /* MainStoryboard.storyboard */,
				22FECF72164FFCA600720705 /* WFViewController.h */,
				22FECF73164FFCA600720705 /* WFViewController.m */,
				22FECF5E164FFCA600720705 /* Supporting Files */,
			);
			path = storyboardTest;
			sourceTree = "<group>";
		};
		22FECF5E164FFCA600720705 /* Supporting Files */ = {
			isa = PBXGroup;
			children = (
				22FECF5F164FFCA600720705 /* storyboardTest-Info.plist */,
				22FECF60164FFCA600720705 /* InfoPlist.strings */,
				22FECF63164FFCA600720705 /* main.m */,
				22FECF65164FFCA600720705 /* storyboardTest-Prefix.pch */,
				22FECF69164FFCA600720705 /* Default.png */,
				22FECF6B164FFCA600720705 /* Default@2x.png */,
				22FECF6D164FFCA600720705 /* Default-568h@2x.png */,
			);
			name = "Supporting Files";
			sourceTree = "<group>";
		};
		22FECF7A164FFDA600720705 /* Classes */ = {
			isa = PBXGroup;
			children = (
				3570AAA918111DB300C851D2 /* Library */,
				22A8785D175E436200E82C69 /* index */,
				22FECF7D164FFDE500720705 /* login */,
				1BBDFBB304D87956C41940DF /* common */,
				3570AB11181123DE00C851D2 /* Constant.h */,
			);
			name = Classes;
			sourceTree = "<group>";
		};
		22FECF7B164FFDB000720705 /* Resources */ = {
			isa = PBXGroup;
			children = (
				35BD56FC173A3B1100606275 /* sound */,
				22FB90931710752E007A3933 /* img */,
			);
			name = Resources;
			sourceTree = "<group>";
		};
		22FECF7C164FFDBB00720705 /* Other Resources */ = {
			isa = PBXGroup;
			children = (
			);
			name = "Other Resources";
			sourceTree = "<group>";
		};
		22FECF7D164FFDE500720705 /* login */ = {
			isa = PBXGroup;
			children = (
				22FECF7F164FFDF600720705 /* floatView */,
				22FECF7E164FFDEE00720705 /* city */,
				22FB908D171048C8007A3933 /* barItem */,
				22FECF80164FFE3800720705 /* WFLoginViewViewController.h */,
				22FECF81164FFE3800720705 /* WFLoginViewViewController.m */,
				22159CF9184F7C5B0061A8DE /* WeatherViewController.h */,
				22159CFA184F7C5B0061A8DE /* WeatherViewController.m */,
				35B142D918AB55B7006A27AA /* WFLoginForm.h */,
				35B142DA18AB55B7006A27AA /* WFLoginForm.m */,
				22A80A3518B2623400BCEC6A /* AccountForm.h */,
				22A80A3618B2623400BCEC6A /* AccountForm.m */,
			);
			name = login;
			sourceTree = "<group>";
		};
		22FECF7E164FFDEE00720705 /* city */ = {
			isa = PBXGroup;
			children = (
				22FECF83164FFE6200720705 /* WFCityListViewController.h */,
				22FECF84164FFE6200720705 /* WFCityListViewController.m */,
			);
			name = city;
			sourceTree = "<group>";
		};
		22FECF7F164FFDF600720705 /* floatView */ = {
			isa = PBXGroup;
			children = (
				35166F6B1831C89A00F82BAA /* Model */,
				3540AEF7182B8E0E006B12FD /* FloatDemoViewController.h */,
				3540AEF8182B8E0E006B12FD /* FloatDemoViewController.m */,
				22B39A7F182BECFE0027B360 /* FloatTable.h */,
				22B39A80182BECFE0027B360 /* FloatTable.m */,
				3540AF06182C79CB006B12FD /* FloatViewControl.h */,
				3540AF07182C79CB006B12FD /* FloatViewControl.m */,
			);
			name = floatView;
			sourceTree = "<group>";
		};
		22FFBE81171477D900A3D396 /* fileManager */ = {
			isa = PBXGroup;
			children = (
				22FFBE82171477F900A3D396 /* FileManager.h */,
				22FFBE83171477F900A3D396 /* FileManager.m */,
			);
			name = fileManager;
			sourceTree = "<group>";
		};
		35015172172BAF5C00D72B8C /* catearey */ = {
			isa = PBXGroup;
			children = (
				3540AEF4182B7D1C006B12FD /* UINavigationBar+Categories.h */,
				3540AEF5182B7D1C006B12FD /* UINavigationBar+Categories.m */,
				35015173172BAFD100D72B8C /* NSCalendar+NSCalendar_Category.h */,
				35015174172BAFD100D72B8C /* NSCalendar+NSCalendar_Category.m */,
			);
			name = catearey;
			sourceTree = "<group>";
		};
		3501D11C1737A68E002F74D6 /* accelerometerDemo */ = {
			isa = PBXGroup;
			children = (
				3501D11D1737A6B1002F74D6 /* AccelerometerFilter.h */,
				3501D11E1737A6B1002F74D6 /* AccelerometerFilter.m */,
				3501D1201737A737002F74D6 /* AccelerometerViewController.h */,
				3501D1211737A737002F74D6 /* AccelerometerViewController.m */,
			);
			name = accelerometerDemo;
			sourceTree = "<group>";
		};
		35166F6B1831C89A00F82BAA /* Model */ = {
			isa = PBXGroup;
			children = (
				35166F6C1831C8A400F82BAA /* FloatViewObj.h */,
				35166F6D1831C8A400F82BAA /* FloatViewObj.m */,
			);
			name = Model;
			sourceTree = "<group>";
		};
		35166F7718334BDB00F82BAA /* image */ = {
			isa = PBXGroup;
			children = (
				22FB90961710774C007A3933 /* WFScrollViewDemo.h */,
				22FB90971710774C007A3933 /* WFScrollViewDemo.m */,
			);
			name = image;
			sourceTree = "<group>";
		};
		35166F7818334BEF00F82BAA /* view */ = {
			isa = PBXGroup;
			children = (
				35166F7918334C2000F82BAA /* WFScrollDemo2ViewController.h */,
				35166F7A18334C2000F82BAA /* WFScrollDemo2ViewController.m */,
			);
			name = view;
			sourceTree = "<group>";
		};
		3526E11717CAF9E60065E360 /* Model */ = {
			isa = PBXGroup;
			children = (
				3526E11817CAFA2E0065E360 /* HotelAnnotation.h */,
				3526E11917CAFA2E0065E360 /* HotelAnnotation.m */,
				3526E11E17CB25C80065E360 /* HotelAnnotationView.h */,
				3526E11F17CB25C80065E360 /* HotelAnnotationView.m */,
			);
			name = Model;
			sourceTree = "<group>";
		};
		3527181217978F6C005FA9CA /* Helper */ = {
			isa = PBXGroup;
			children = (
				3527181317978F8F005FA9CA /* UserDefaultHelper.h */,
				3527181417978F8F005FA9CA /* UserDefaultHelper.m */,
			);
			name = Helper;
			sourceTree = "<group>";
		};
		354890741739FA8000E1EF4B /* shakeDemo */ = {
			isa = PBXGroup;
			children = (
				354890781739FC7300E1EF4B /* ShakeViewController.h */,
				354890791739FC7300E1EF4B /* ShakeViewController.m */,
			);
			name = shakeDemo;
			sourceTree = "<group>";
		};
		35603FD4178C00E8000D0BB5 /* customerSugueDemo */ = {
			isa = PBXGroup;
			children = (
				35603FD5178C0100000D0BB5 /* CustomeSugue.h */,
				35603FD6178C0100000D0BB5 /* CustomeSugue.m */,
			);
			name = customerSugueDemo;
			sourceTree = "<group>";
		};
		357030AC1890FE1000110D3D /* tableView */ = {
			isa = PBXGroup;
			children = (
				357030AD1890FE7A00110D3D /* WFTableViewDemo1.h */,
				357030AE1890FE7A00110D3D /* WFTableViewDemo1.m */,
				4B1142FAAA3450A8E66B514E /* WFFooterView.m */,
				4B114237BA658983CC01EC65 /* WFFooterView.h */,
			);
			name = tableView;
			sourceTree = "<group>";
		};
		3570AAA918111DB300C851D2 /* Library */ = {
			isa = PBXGroup;
			children = (
				3570AB3A18113B4A00C851D2 /* UMSocial_Sdk_3.1 */,
				3570AB0A181122BB00C851D2 /* UMAnalytics */,
			);
			name = Library;
			sourceTree = "<group>";
		};
		3570AB0A181122BB00C851D2 /* UMAnalytics */ = {
			isa = PBXGroup;
			children = (
				3570AB121811281A00C851D2 /* MobClick.h */,
				3570AB131811281A00C851D2 /* libMobClickLibrary.a */,
			);
			name = UMAnalytics;
			path = Library/UMAnalytics;
			sourceTree = "<group>";
		};
		3570AB2A1811317800C851D2 /* Products */ = {
			isa = PBXGroup;
			name = Products;
			sourceTree = "<group>";
		};
		3570AB3A18113B4A00C851D2 /* UMSocial_Sdk_3.1 */ = {
			isa = PBXGroup;
			children = (
				3570AB3B18113B4A00C851D2 /* UMSocialLocalizable.strings */,
				3570AB3D18113B4A00C851D2 /* frameworks */,
				3570AB4418113B4A00C851D2 /* Header */,
				3570AB4F18113B4A00C851D2 /* libUMSocial_Sdk_3.1.a */,
				3570AB5018113B4A00C851D2 /* libUMSocial_Sdk_Comment_3.1.a */,
				3570AB5118113B4A00C851D2 /* SocialSDKXib */,
				3570AB5A18113B4A00C851D2 /* UMSocialSDKResourcesNew.bundle */,
			);
			name = UMSocial_Sdk_3.1;
			path = Library/UMSocial_Sdk_3.1;
			sourceTree = "<group>";
		};
		3570AB3D18113B4A00C851D2 /* frameworks */ = {
			isa = PBXGroup;
			children = (
				3570AB3E18113B4A00C851D2 /* TencentOpenAPI */,
				3570AB4018113B4A00C851D2 /* Wechat */,
			);
			path = frameworks;
			sourceTree = "<group>";
		};
		3570AB3E18113B4A00C851D2 /* TencentOpenAPI */ = {
			isa = PBXGroup;
			children = (
				3570AB3F18113B4A00C851D2 /* TencentOpenAPI.framework */,
			);
			path = TencentOpenAPI;
			sourceTree = "<group>";
		};
		3570AB4018113B4A00C851D2 /* Wechat */ = {
			isa = PBXGroup;
			children = (
				3570AB4118113B4A00C851D2 /* libWeChatSDK.a */,
				3570AB4218113B4A00C851D2 /* WXApi.h */,
				3570AB4318113B4A00C851D2 /* WXApiObject.h */,
			);
			path = Wechat;
			sourceTree = "<group>";
		};
		3570AB4418113B4A00C851D2 /* Header */ = {
			isa = PBXGroup;
			children = (
				3570AB4518113B4A00C851D2 /* UMSocial.h */,
				3570AB4618113B4A00C851D2 /* UMSocialAccountManager.h */,
				3570AB4718113B4A00C851D2 /* UMSocialBar.h */,
				3570AB4818113B4A00C851D2 /* UMSocialConfig.h */,
				3570AB4918113B4A00C851D2 /* UMSocialControllerService.h */,
				3570AB4A18113B4A00C851D2 /* UMSocialControllerServiceComment.h */,
				3570AB4B18113B4A00C851D2 /* UMSocialData.h */,
				3570AB4C18113B4A00C851D2 /* UMSocialDataService.h */,
				3570AB4D18113B4A00C851D2 /* UMSocialSnsPlatformManager.h */,
				3570AB4E18113B4A00C851D2 /* UMSocialSnsService.h */,
			);
			path = Header;
			sourceTree = "<group>";
		};
		3570AB5118113B4A00C851D2 /* SocialSDKXib */ = {
			isa = PBXGroup;
			children = (
				3570AB5218113B4A00C851D2 /* UMSCommentDetailController.xib */,
				3570AB5318113B4A00C851D2 /* UMSCommentInputController.xib */,
				3570AB5418113B4A00C851D2 /* UMSCommentInputControlleriPad.xib */,
				3570AB5518113B4A00C851D2 /* UMShareEditViewController.xib */,
				3570AB5618113B4A00C851D2 /* UMShareEditViewControlleriPad.xib */,
				3570AB5718113B4A00C851D2 /* UMSLoginViewController.xib */,
				3570AB5818113B4A00C851D2 /* UMSnsAccountViewController.xib */,
				3570AB5918113B4A00C851D2 /* UMSShareListController.xib */,
			);
			path = SocialSDKXib;
			sourceTree = "<group>";
		};
		35BD56FC173A3B1100606275 /* sound */ = {
			isa = PBXGroup;
			children = (
				35BD56FD173A3B1F00606275 /* glass.wav */,
			);
			name = sound;
			sourceTree = "<group>";
		};
		35F92C5317C74F7200D505CD /* MapViewDemo */ = {
			isa = PBXGroup;
			children = (
				3526E11717CAF9E60065E360 /* Model */,
				35F92C5417C74FA800D505CD /* MapKitViewController.h */,
				35F92C5517C74FA800D505CD /* MapKitViewController.m */,
			);
			name = MapViewDemo;
			sourceTree = "<group>";
		};
/* End PBXGroup section */

/* Begin PBXNativeTarget section */
		22FECF52164FFCA600720705 /* storyboardTest */ = {
			isa = PBXNativeTarget;
			buildConfigurationList = 22FECF77164FFCA600720705 /* Build configuration list for PBXNativeTarget "storyboardTest" */;
			buildPhases = (
				22FECF4F164FFCA600720705 /* Sources */,
				22FECF50164FFCA600720705 /* Frameworks */,
				22FECF51164FFCA600720705 /* Resources */,
			);
			buildRules = (
			);
			dependencies = (
			);
			name = storyboardTest;
			productName = storyboardTest;
			productReference = 22FECF53164FFCA600720705 /* storyboardTest.app */;
			productType = "com.apple.product-type.application";
		};
/* End PBXNativeTarget section */

/* Begin PBXProject section */
		22FECF4A164FFCA600720705 /* Project object */ = {
			isa = PBXProject;
			attributes = {
				CLASSPREFIX = WF;
				LastUpgradeCheck = 0450;
				ORGANIZATIONNAME = huguiqi;
				TargetAttributes = {
					22FECF52164FFCA600720705 = {
						DevelopmentTeam = 4Z78PCW342;
					};
				};
			};
			buildConfigurationList = 22FECF4D164FFCA600720705 /* Build configuration list for PBXProject "storyboardTest" */;
			compatibilityVersion = "Xcode 3.2";
			developmentRegion = English;
			hasScannedForEncodings = 0;
			knownRegions = (
				en,
				"zh-Hans",
			);
			mainGroup = 22FECF48164FFCA600720705;
			productRefGroup = 22FECF54164FFCA600720705 /* Products */;
			projectDirPath = "";
			projectReferences = (
				{
					ProductGroup = 3570AB2A1811317800C851D2 /* Products */;
					ProjectRef = 3570AB291811317800C851D2 /* storyboardTest.xcodeproj */;
				},
			);
			projectRoot = "";
			targets = (
				22FECF52164FFCA600720705 /* storyboardTest */,
			);
		};
/* End PBXProject section */

/* Begin PBXResourcesBuildPhase section */
		22FECF51164FFCA600720705 /* Resources */ = {
			isa = PBXResourcesBuildPhase;
			buildActionMask = 2147483647;
			files = (
				3540AF05182C74EC006B12FD /* hotel-topbar-phone@2x.png in Resources */,
				3570AB6818113B4A00C851D2 /* UMSShareListController.xib in Resources */,
				3570AB6118113B4A00C851D2 /* UMSCommentDetailController.xib in Resources */,
				3570AB6718113B4A00C851D2 /* UMSnsAccountViewController.xib in Resources */,
				22159CF5184F75290061A8DE /* cloudy@2x.png in Resources */,
				3570AB6618113B4A00C851D2 /* UMSLoginViewController.xib in Resources */,
				22FECF62164FFCA600720705 /* InfoPlist.strings in Resources */,
				3570AB6218113B4A00C851D2 /* UMSCommentInputController.xib in Resources */,
				22FECF6A164FFCA600720705 /* Default.png in Resources */,
				22FECF6C164FFCA600720705 /* Default@2x.png in Resources */,
				22FECF6E164FFCA600720705 /* Default-568h@2x.png in Resources */,
				22FECF71164FFCA600720705 /* MainStoryboard.storyboard in Resources */,
				22159CF4184F75290061A8DE /* cloudy.png in Resources */,
				22FB9095171076D9007A3933 /* IMG_1142.JPG in Resources */,
				3540AF04182C74EC006B12FD /* hotel-topbar-phone.png in Resources */,
				3570AB6318113B4A00C851D2 /* UMSCommentInputControlleriPad.xib in Resources */,
				22159CFE184F85390061A8DE /* hotel-next.png in Resources */,
				3540AF01182C74D4006B12FD /* hotel-topbar-back@2x.png in Resources */,
				3570AB6918113B4A00C851D2 /* UMSocialSDKResourcesNew.bundle in Resources */,
				35BD56FE173A3B1F00606275 /* glass.wav in Resources */,
				3570AB5C18113B4A00C851D2 /* UMSocialLocalizable.strings in Resources */,
				22736AB217788F9000BADFE7 /* BFlyCircle.png in Resources */,
				22159CFF184F85390061A8DE /* hotel-next@2x.png in Resources */,
				3570AB6518113B4A00C851D2 /* UMShareEditViewControlleriPad.xib in Resources */,
				3570AB6418113B4A00C851D2 /* UMShareEditViewController.xib in Resources */,
				3540AF00182C74D4006B12FD /* hotel-topbar-back.png in Resources */,
				22736AB317788F9000BADFE7 /* cover 480x300-take2.png in Resources */,
				22736AB417788F9000BADFE7 /* cover320x416.png in Resources */,
				3526E11417CAF6950065E360 /* teagarden.png in Resources */,
				3526E11517CAF6950065E360 /* teagarden@2x.png in Resources */,
				3526E12317CB4C9C0065E360 /* map_bubble.png in Resources */,
				3526E12417CB4C9C0065E360 /* map_bubble@2x.png in Resources */,
			);
			runOnlyForDeploymentPostprocessing = 0;
		};
/* End PBXResourcesBuildPhase section */

/* Begin PBXSourcesBuildPhase section */
		22FECF4F164FFCA600720705 /* Sources */ = {
			isa = PBXSourcesBuildPhase;
			buildActionMask = 2147483647;
			files = (
				35E4F2E21890F1B400675916 /* WFBarItemViewController.h in Sources */,
				35E4F2E31890F1B400675916 /* WFBarItemViewController.m in Sources */,
				35B142DB18AB55B7006A27AA /* WFLoginForm.m in Sources */,
				22FECF64164FFCA600720705 /* main.m in Sources */,
				22B39A81182BECFE0027B360 /* FloatTable.m in Sources */,
				22FECF68164FFCA600720705 /* WFAppDelegate.m in Sources */,
				357030AF1890FE7A00110D3D /* WFTableViewDemo1.m in Sources */,
				22FECF74164FFCA600720705 /* WFViewController.m in Sources */,
				22FECF82164FFE3800720705 /* WFLoginViewViewController.m in Sources */,
				35166F6E1831C8A400F82BAA /* FloatViewObj.m in Sources */,
				22FECF85164FFE6200720705 /* WFCityListViewController.m in Sources */,
				2295571B16F222CC00C0DBD2 /* WFWebViewDemo.m in Sources */,
				22FB9090171050A5007A3933 /* Item1ViewController.m in Sources */,
				22FB90981710774C007A3933 /* WFScrollViewDemo.m in Sources */,
				22A80A3718B2623400BCEC6A /* AccountForm.m in Sources */,
				22159CFB184F7C5B0061A8DE /* WeatherViewController.m in Sources */,
				22FFBE84171477F900A3D396 /* FileManager.m in Sources */,
				226C65071726CE2000050864 /* Item2ViewController.m in Sources */,
				35166F7B18334C2000F82BAA /* WFScrollDemo2ViewController.m in Sources */,
				35015175172BAFD100D72B8C /* NSCalendar+NSCalendar_Category.m in Sources */,
				3540AEF9182B8E0E006B12FD /* FloatDemoViewController.m in Sources */,
				22159CF8184F75700061A8DE /* WeatherWidgetViewController.m in Sources */,
				3540AEF6182B7D1C006B12FD /* UINavigationBar+Categories.m in Sources */,
				35F1BAFA17326F2500FBE740 /* Item3ViewController.m in Sources */,
				3501D11F1737A6B1002F74D6 /* AccelerometerFilter.m in Sources */,
				3501D1221737A737002F74D6 /* AccelerometerViewController.m in Sources */,
				3548907A1739FC7300E1EF4B /* ShakeViewController.m in Sources */,
				35CDBFD91828CCC5001B1A6E /* WFJJViewController.m in Sources */,
				22BC618C175653520079C4AE /* AboutGeometryViewController.m in Sources */,
				22A8785C175E429600E82C69 /* MacAddress.m in Sources */,
				22A87860175E437800E82C69 /* IndexViewController.m in Sources */,
				22BC837A1770B0A900E71986 /* UIView-ViewFrameGeometry.m in Sources */,
				22BC837D1770B26700E71986 /* UIViewCenterViewController.m in Sources */,
				22736AAE1778859D00BADFE7 /* CrosswiseViewController.m in Sources */,
				2244B6CF17807BD70029F7FA /* UIViewCurlUpOrDownViewController.m in Sources */,
				3540AF08182C79CB006B12FD /* FloatViewControl.m in Sources */,
				35CDBFD61828CC16001B1A6E /* WFJJNavigationViewController.m in Sources */,
				35603FD7178C0100000D0BB5 /* CustomeSugue.m in Sources */,
				3527181517978F8F005FA9CA /* UserDefaultHelper.m in Sources */,
				35CDBFDC1828CDC6001B1A6E /* DeviceInfo.m in Sources */,
				35F92C5617C74FA800D505CD /* MapKitViewController.m in Sources */,
				3579CB791820B7B1008163A5 /* JJNavigationBar.m in Sources */,
				3526E11A17CAFA2E0065E360 /* HotelAnnotation.m in Sources */,
				3526E12017CB25C80065E360 /* HotelAnnotationView.m in Sources */,
				4B114DB33FC47EDC9071BD85 /* WFFooterView.m in Sources */,
			);
			runOnlyForDeploymentPostprocessing = 0;
		};
/* End PBXSourcesBuildPhase section */

/* Begin PBXVariantGroup section */
		22FECF60164FFCA600720705 /* InfoPlist.strings */ = {
			isa = PBXVariantGroup;
			children = (
				22FECF61164FFCA600720705 /* en */,
			);
			name = InfoPlist.strings;
			sourceTree = "<group>";
		};
		22FECF6F164FFCA600720705 /* MainStoryboard.storyboard */ = {
			isa = PBXVariantGroup;
			children = (
				22FECF70164FFCA600720705 /* en */,
			);
			name = MainStoryboard.storyboard;
			sourceTree = "<group>";
		};
		3570AB3B18113B4A00C851D2 /* UMSocialLocalizable.strings */ = {
			isa = PBXVariantGroup;
			children = (
				3570AB3C18113B4A00C851D2 /* en */,
				3570AB5B18113B4A00C851D2 /* zh-Hans */,
			);
			name = UMSocialLocalizable.strings;
			sourceTree = "<group>";
		};
/* End PBXVariantGroup section */

/* Begin XCBuildConfiguration section */
		22FECF75164FFCA600720705 /* Debug */ = {
			isa = XCBuildConfiguration;
			buildSettings = {
				ALWAYS_SEARCH_USER_PATHS = NO;
				ARCHS = "$(ARCHS_STANDARD)";
				CLANG_CXX_LANGUAGE_STANDARD = "gnu++0x";
				CLANG_CXX_LIBRARY = "libc++";
				CLANG_WARN_EMPTY_BODY = YES;
				CLANG_WARN__DUPLICATE_METHOD_MATCH = YES;
				CODE_SIGN_IDENTITY = "";
				"CODE_SIGN_IDENTITY[sdk=iphoneos*]" = "iPhone Developer";
				COPY_PHASE_STRIP = NO;
				GCC_C_LANGUAGE_STANDARD = gnu99;
				GCC_DYNAMIC_NO_PIC = NO;
				GCC_OPTIMIZATION_LEVEL = 0;
				GCC_PREPROCESSOR_DEFINITIONS = (
					"DEBUG=1",
					"$(inherited)",
				);
				GCC_SYMBOLS_PRIVATE_EXTERN = NO;
				GCC_WARN_ABOUT_RETURN_TYPE = YES;
				GCC_WARN_UNINITIALIZED_AUTOS = YES;
				GCC_WARN_UNUSED_VARIABLE = YES;
				IPHONEOS_DEPLOYMENT_TARGET = 5.0;
				ONLY_ACTIVE_ARCH = YES;
				SDKROOT = iphoneos;
			};
			name = Debug;
		};
		22FECF76164FFCA600720705 /* Release */ = {
			isa = XCBuildConfiguration;
			buildSettings = {
				ALWAYS_SEARCH_USER_PATHS = NO;
				ARCHS = "$(ARCHS_STANDARD)";
				CLANG_CXX_LANGUAGE_STANDARD = "gnu++0x";
				CLANG_CXX_LIBRARY = "libc++";
				CLANG_WARN_EMPTY_BODY = YES;
				CLANG_WARN__DUPLICATE_METHOD_MATCH = YES;
				CODE_SIGN_IDENTITY = "";
				"CODE_SIGN_IDENTITY[sdk=iphoneos*]" = "iPhone Developer";
				COPY_PHASE_STRIP = YES;
				GCC_C_LANGUAGE_STANDARD = gnu99;
				GCC_WARN_ABOUT_RETURN_TYPE = YES;
				GCC_WARN_UNINITIALIZED_AUTOS = YES;
				GCC_WARN_UNUSED_VARIABLE = YES;
				IPHONEOS_DEPLOYMENT_TARGET = 5.0;
				ONLY_ACTIVE_ARCH = YES;
				OTHER_CFLAGS = "-DNS_BLOCK_ASSERTIONS=1";
				SDKROOT = iphoneos;
				VALIDATE_PRODUCT = YES;
			};
			name = Release;
		};
		22FECF78164FFCA600720705 /* Debug */ = {
			isa = XCBuildConfiguration;
			buildSettings = {
				ARCHS = "$(ARCHS_STANDARD)";
				CLANG_ENABLE_OBJC_ARC = YES;
				CODE_SIGN_IDENTITY = "iPhone Developer";
				FRAMEWORK_SEARCH_PATHS = (
					"$(inherited)",
					"\"$(SRCROOT)/storyboardTest/UMSocial_Sdk_3.1/frameworks/TencentOpenAPI\"",
					"\"$(SRCROOT)/storyboardTest/Library/UMSocial_Sdk_3.1/frameworks/TencentOpenAPI\"",
				);
				GCC_PRECOMPILE_PREFIX_HEADER = YES;
				GCC_PREFIX_HEADER = "storyboardTest/storyboardTest-Prefix.pch";
				INFOPLIST_FILE = "storyboardTest/storyboardTest-Info.plist";
				IPHONEOS_DEPLOYMENT_TARGET = 6.1;
				LIBRARY_SEARCH_PATHS = (
					"$(inherited)",
					"\"$(SRCROOT)/storyboardTest/UMSocial_Sdk_3.1/frameworks/Wechat\"",
					"\"$(SRCROOT)/storyboardTest/UMSocial_Sdk_3.1\"",
					"\"$(SRCROOT)/storyboardTest/Library/UMSocial_Sdk_3.1/frameworks/Wechat\"",
					"\"$(SRCROOT)/storyboardTest/Library/UMSocial_Sdk_3.1\"",
					"\"$(SRCROOT)/storyboardTest/Library/UMAnalytics\"",
				);
				PRODUCT_NAME = "$(TARGET_NAME)";
				WRAPPER_EXTENSION = app;
			};
			name = Debug;
		};
		22FECF79164FFCA600720705 /* Release */ = {
			isa = XCBuildConfiguration;
			buildSettings = {
				ARCHS = "$(ARCHS_STANDARD)";
				CLANG_ENABLE_OBJC_ARC = YES;
				CODE_SIGN_IDENTITY = "iPhone Developer";
				FRAMEWORK_SEARCH_PATHS = (
					"$(inherited)",
					"\"$(SRCROOT)/storyboardTest/UMSocial_Sdk_3.1/frameworks/TencentOpenAPI\"",
					"\"$(SRCROOT)/storyboardTest/Library/UMSocial_Sdk_3.1/frameworks/TencentOpenAPI\"",
				);
				GCC_PRECOMPILE_PREFIX_HEADER = YES;
				GCC_PREFIX_HEADER = "storyboardTest/storyboardTest-Prefix.pch";
				INFOPLIST_FILE = "storyboardTest/storyboardTest-Info.plist";
				IPHONEOS_DEPLOYMENT_TARGET = 6.1;
				LIBRARY_SEARCH_PATHS = (
					"$(inherited)",
					"\"$(SRCROOT)/storyboardTest/UMSocial_Sdk_3.1/frameworks/Wechat\"",
					"\"$(SRCROOT)/storyboardTest/UMSocial_Sdk_3.1\"",
					"\"$(SRCROOT)/storyboardTest/Library/UMSocial_Sdk_3.1/frameworks/Wechat\"",
					"\"$(SRCROOT)/storyboardTest/Library/UMSocial_Sdk_3.1\"",
					"\"$(SRCROOT)/storyboardTest/Library/UMAnalytics\"",
				);
				PRODUCT_NAME = "$(TARGET_NAME)";
				WRAPPER_EXTENSION = app;
			};
			name = Release;
		};
/* End XCBuildConfiguration section */

/* Begin XCConfigurationList section */
		22FECF4D164FFCA600720705 /* Build configuration list for PBXProject "storyboardTest" */ = {
			isa = XCConfigurationList;
			buildConfigurations = (
				22FECF75164FFCA600720705 /* Debug */,
				22FECF76164FFCA600720705 /* Release */,
			);
			defaultConfigurationIsVisible = 0;
			defaultConfigurationName = Release;
		};
		22FECF77164FFCA600720705 /* Build configuration list for PBXNativeTarget "storyboardTest" */ = {
			isa = XCConfigurationList;
			buildConfigurations = (
				22FECF78164FFCA600720705 /* Debug */,
				22FECF79164FFCA600720705 /* Release */,
			);
			defaultConfigurationIsVisible = 0;
			defaultConfigurationName = Release;
		};
/* End XCConfigurationList section */
	};
	rootObject = 22FECF4A164FFCA600720705 /* Project object */;
}
